
Microsoft Visual Studio Solution File, Format Version 12.00
# Visual Studio 15
VisualStudioVersion = 15.0.27130.2036
MinimumVisualStudioVersion = 10.0.40219.1
Project("{FAE04EC0-301F-11D3-BF4B-00C04F79EFBC}") = "CS-ASP_012", "CS-ASP_012\CS-ASP_012.csproj", "{D36CC31C-0593-4002-B80E-E1117EE50F0D}"
EndProject
Global
	GlobalSection(SolutionConfigurationPlatforms) = preSolution
		Debug|Any CPU = Debug|Any CPU
		Release|Any CPU = Release|Any CPU
	EndGlobalSection
	GlobalSection(ProjectConfigurationPlatforms) = postSolution
		{D36CC31C-0593-4002-B80E-E1117EE50F0D}.Debug|Any CPU.ActiveCfg = Debug|Any CPU
		{D36CC31C-0593-4002-B80E-E1117EE50F0D}.Debug|Any CPU.Build.0 = Debug|Any CPU
		{D36CC31C-0593-4002-B80E-E1117EE50F0D}.Release|Any CPU.ActiveCfg = Release|Any CPU
		{D36CC31C-0593-4002-B80E-E1117EE50F0D}.Release|Any CPU.Build.0 = Release|Any CPU
	EndGlobalSection
	GlobalSection(SolutionProperties) = preSolution
		HideSolutionNode = FALSE
	EndGlobalSection
	GlobalSection(ExtensibilityGlobals) = postSolution
		SolutionGuid = {5FD177B7-5A54-476C-B536-576BA8B310BF}
	EndGlobalSection
EndGlobal
