
Microsoft Visual Studio Solution File, Format Version 12.00
# Visual Studio 15
VisualStudioVersion = 15.0.27130.2036
MinimumVisualStudioVersion = 10.0.40219.1
Project("{FAE04EC0-301F-11D3-BF4B-00C04F79EFBC}") = "CS-ASP_031", "CS-ASP_030\CS-ASP_031.csproj", "{926C69A6-372D-4D35-BE15-3A65650623CA}"
EndProject
Global
	GlobalSection(SolutionConfigurationPlatforms) = preSolution
		Debug|Any CPU = Debug|Any CPU
		Release|Any CPU = Release|Any CPU
	EndGlobalSection
	GlobalSection(ProjectConfigurationPlatforms) = postSolution
		{926C69A6-372D-4D35-BE15-3A65650623CA}.Debug|Any CPU.ActiveCfg = Debug|Any CPU
		{926C69A6-372D-4D35-BE15-3A65650623CA}.Debug|Any CPU.Build.0 = Debug|Any CPU
		{926C69A6-372D-4D35-BE15-3A65650623CA}.Release|Any CPU.ActiveCfg = Release|Any CPU
		{926C69A6-372D-4D35-BE15-3A65650623CA}.Release|Any CPU.Build.0 = Release|Any CPU
	EndGlobalSection
	GlobalSection(SolutionProperties) = preSolution
		HideSolutionNode = FALSE
	EndGlobalSection
	GlobalSection(ExtensibilityGlobals) = postSolution
		SolutionGuid = {FEA44FAB-9E6D-432D-AC35-A5FA3808F146}
	EndGlobalSection
EndGlobal
