
Microsoft Visual Studio Solution File, Format Version 12.00
# Visual Studio 15
VisualStudioVersion = 15.0.27130.2036
MinimumVisualStudioVersion = 10.0.40219.1
Project("{FAE04EC0-301F-11D3-BF4B-00C04F79EFBC}") = "CS-ASP_035", "CS-ASP_035\CS-ASP_035.csproj", "{047CCCB4-AB1B-4E84-B72B-3924AC108D26}"
EndProject
Global
	GlobalSection(SolutionConfigurationPlatforms) = preSolution
		Debug|Any CPU = Debug|Any CPU
		Release|Any CPU = Release|Any CPU
	EndGlobalSection
	GlobalSection(ProjectConfigurationPlatforms) = postSolution
		{047CCCB4-AB1B-4E84-B72B-3924AC108D26}.Debug|Any CPU.ActiveCfg = Debug|Any CPU
		{047CCCB4-AB1B-4E84-B72B-3924AC108D26}.Debug|Any CPU.Build.0 = Debug|Any CPU
		{047CCCB4-AB1B-4E84-B72B-3924AC108D26}.Release|Any CPU.ActiveCfg = Release|Any CPU
		{047CCCB4-AB1B-4E84-B72B-3924AC108D26}.Release|Any CPU.Build.0 = Release|Any CPU
	EndGlobalSection
	GlobalSection(SolutionProperties) = preSolution
		HideSolutionNode = FALSE
	EndGlobalSection
	GlobalSection(ExtensibilityGlobals) = postSolution
		SolutionGuid = {898262CA-AC18-4135-B4EC-2C949D743864}
	EndGlobalSection
EndGlobal
