
Microsoft Visual Studio Solution File, Format Version 12.00
# Visual Studio 15
VisualStudioVersion = 15.0.27130.2036
MinimumVisualStudioVersion = 10.0.40219.1
Project("{FAE04EC0-301F-11D3-BF4B-00C04F79EFBC}") = "CS-ASP_025", "CS-ASP_025\CS-ASP_025.csproj", "{A717735C-7D88-4470-8DEA-94C359972B00}"
EndProject
Global
	GlobalSection(SolutionConfigurationPlatforms) = preSolution
		Debug|Any CPU = Debug|Any CPU
		Release|Any CPU = Release|Any CPU
	EndGlobalSection
	GlobalSection(ProjectConfigurationPlatforms) = postSolution
		{A717735C-7D88-4470-8DEA-94C359972B00}.Debug|Any CPU.ActiveCfg = Debug|Any CPU
		{A717735C-7D88-4470-8DEA-94C359972B00}.Debug|Any CPU.Build.0 = Debug|Any CPU
		{A717735C-7D88-4470-8DEA-94C359972B00}.Release|Any CPU.ActiveCfg = Release|Any CPU
		{A717735C-7D88-4470-8DEA-94C359972B00}.Release|Any CPU.Build.0 = Release|Any CPU
	EndGlobalSection
	GlobalSection(SolutionProperties) = preSolution
		HideSolutionNode = FALSE
	EndGlobalSection
	GlobalSection(ExtensibilityGlobals) = postSolution
		SolutionGuid = {8CEE8078-EDCA-481C-9E04-AD9B6FDC5D99}
	EndGlobalSection
EndGlobal
