
Microsoft Visual Studio Solution File, Format Version 12.00
# Visual Studio 15
VisualStudioVersion = 15.0.27130.2036
MinimumVisualStudioVersion = 10.0.40219.1
Project("{FAE04EC0-301F-11D3-BF4B-00C04F79EFBC}") = "CS-ASP_041", "CS-ASP_041\CS-ASP_041.csproj", "{6814F284-83D0-457A-936C-A5F776121175}"
EndProject
Project("{FAE04EC0-301F-11D3-BF4B-00C04F79EFBC}") = "HeroMonster", "HeroMonster\HeroMonster.csproj", "{A46F742B-13E4-432A-93D1-F8BBC0734308}"
EndProject
Global
	GlobalSection(SolutionConfigurationPlatforms) = preSolution
		Debug|Any CPU = Debug|Any CPU
		Release|Any CPU = Release|Any CPU
	EndGlobalSection
	GlobalSection(ProjectConfigurationPlatforms) = postSolution
		{6814F284-83D0-457A-936C-A5F776121175}.Debug|Any CPU.ActiveCfg = Debug|Any CPU
		{6814F284-83D0-457A-936C-A5F776121175}.Debug|Any CPU.Build.0 = Debug|Any CPU
		{6814F284-83D0-457A-936C-A5F776121175}.Release|Any CPU.ActiveCfg = Release|Any CPU
		{6814F284-83D0-457A-936C-A5F776121175}.Release|Any CPU.Build.0 = Release|Any CPU
		{A46F742B-13E4-432A-93D1-F8BBC0734308}.Debug|Any CPU.ActiveCfg = Debug|Any CPU
		{A46F742B-13E4-432A-93D1-F8BBC0734308}.Debug|Any CPU.Build.0 = Debug|Any CPU
		{A46F742B-13E4-432A-93D1-F8BBC0734308}.Release|Any CPU.ActiveCfg = Release|Any CPU
		{A46F742B-13E4-432A-93D1-F8BBC0734308}.Release|Any CPU.Build.0 = Release|Any CPU
	EndGlobalSection
	GlobalSection(SolutionProperties) = preSolution
		HideSolutionNode = FALSE
	EndGlobalSection
	GlobalSection(ExtensibilityGlobals) = postSolution
		SolutionGuid = {61530A8C-0092-4441-953F-BC3A99AAC6F2}
	EndGlobalSection
EndGlobal
