
Microsoft Visual Studio Solution File, Format Version 12.00
# Visual Studio 15
VisualStudioVersion = 15.0.27130.2036
MinimumVisualStudioVersion = 10.0.40219.1
Project("{FAE04EC0-301F-11D3-BF4B-00C04F79EFBC}") = "CS-ASP_021", "CS-ASP_021\CS-ASP_021.csproj", "{AD9F88C2-CC77-48CD-9522-5F87FF7BBADE}"
EndProject
Global
	GlobalSection(SolutionConfigurationPlatforms) = preSolution
		Debug|Any CPU = Debug|Any CPU
		Release|Any CPU = Release|Any CPU
	EndGlobalSection
	GlobalSection(ProjectConfigurationPlatforms) = postSolution
		{AD9F88C2-CC77-48CD-9522-5F87FF7BBADE}.Debug|Any CPU.ActiveCfg = Debug|Any CPU
		{AD9F88C2-CC77-48CD-9522-5F87FF7BBADE}.Debug|Any CPU.Build.0 = Debug|Any CPU
		{AD9F88C2-CC77-48CD-9522-5F87FF7BBADE}.Release|Any CPU.ActiveCfg = Release|Any CPU
		{AD9F88C2-CC77-48CD-9522-5F87FF7BBADE}.Release|Any CPU.Build.0 = Release|Any CPU
	EndGlobalSection
	GlobalSection(SolutionProperties) = preSolution
		HideSolutionNode = FALSE
	EndGlobalSection
	GlobalSection(ExtensibilityGlobals) = postSolution
		SolutionGuid = {3725C0DE-0FFD-4BF9-B8AF-30462C4BAAFD}
	EndGlobalSection
EndGlobal
