
Microsoft Visual Studio Solution File, Format Version 12.00
# Visual Studio 15
VisualStudioVersion = 15.0.27130.2036
MinimumVisualStudioVersion = 10.0.40219.1
Project("{FAE04EC0-301F-11D3-BF4B-00C04F79EFBC}") = "CS-ASP_017", "CS-ASP_017\CS-ASP_017.csproj", "{3CBADC6C-A0AB-46FC-A9E6-8A74DF24FD34}"
EndProject
Global
	GlobalSection(SolutionConfigurationPlatforms) = preSolution
		Debug|Any CPU = Debug|Any CPU
		Release|Any CPU = Release|Any CPU
	EndGlobalSection
	GlobalSection(ProjectConfigurationPlatforms) = postSolution
		{3CBADC6C-A0AB-46FC-A9E6-8A74DF24FD34}.Debug|Any CPU.ActiveCfg = Debug|Any CPU
		{3CBADC6C-A0AB-46FC-A9E6-8A74DF24FD34}.Debug|Any CPU.Build.0 = Debug|Any CPU
		{3CBADC6C-A0AB-46FC-A9E6-8A74DF24FD34}.Release|Any CPU.ActiveCfg = Release|Any CPU
		{3CBADC6C-A0AB-46FC-A9E6-8A74DF24FD34}.Release|Any CPU.Build.0 = Release|Any CPU
	EndGlobalSection
	GlobalSection(SolutionProperties) = preSolution
		HideSolutionNode = FALSE
	EndGlobalSection
	GlobalSection(ExtensibilityGlobals) = postSolution
		SolutionGuid = {50DEB865-1F69-4FA4-A68E-0672F039F859}
	EndGlobalSection
EndGlobal
